dependencies:
- name: memcached
  repository: oci://registry-1.docker.io/bitnamicharts
  version: 7.6.3
- name: mariadb
  repository: oci://registry-1.docker.io/bitnamicharts
  version: 20.2.4
- name: common
  repository: oci://registry-1.docker.io/bitnamicharts
  version: 2.30.0
digest: sha256:76665017799c8e1fd2b7eb07fcd3590e28c98f6d8ef5202c498d5b916f263360
generated: "2025-02-24T03:10:09.551567029Z"
