dependencies:
- name: memcached
  repository: oci://registry-1.docker.io/bitnamicharts
  version: 7.4.16
- name: mariadb
  repository: oci://registry-1.docker.io/bitnamicharts
  version: 19.0.5
- name: common
  repository: oci://registry-1.docker.io/bitnamicharts
  version: 2.22.0
digest: sha256:ff754b7b5af074349d3b94d2a0b79a5667e38925026bf12502623c80ebdc00b9
generated: "2024-09-16T04:08:00.150082841Z"
