dependencies:
- name: memcached
  repository: oci://registry-1.docker.io/bitnamicharts
  version: 7.8.3
- name: mariadb
  repository: oci://registry-1.docker.io/bitnamicharts
  version: 20.5.6
- name: common
  repository: oci://registry-1.docker.io/bitnamicharts
  version: 2.31.1
digest: sha256:2cbed1186ff62a8f0006dbeede38ebc0e8e0d59024a3d29a8b0657abc9a8177d
generated: "2025-05-26T04:08:30.854346012Z"
